
Microsoft Visual Studio Solution File, Format Version 12.00
# Visual Studio Version 17
VisualStudioVersion = 17.0.32112.339
MinimumVisualStudioVersion = 10.0.40219.1
Project("{FAE04EC0-301F-11D3-BF4B-00C04F79EFBC}") = "ILDASMAndILASMDEMO", "ILDASMAndILASMDEMO\ILDASMAndILASMDEMO.csproj", "{97916F32-E520-4E87-B731-C802D306E0F0}"
EndProject
Project("{FAE04EC0-301F-11D3-BF4B-00C04F79EFBC}") = "ClassLibrary1", "ClassLibrary1\ClassLibrary1.csproj", "{E5683A44-6C0D-41F3-B100-B20458DD4370}"
EndProject
Project("{FAE04EC0-301F-11D3-BF4B-00C04F79EFBC}") = "IdentifiersDemo", "IdentifiersDemo\IdentifiersDemo.csproj", "{95ECC28F-513B-4FEE-92D4-FC149E2A945B}"
EndProject
Project("{FAE04EC0-301F-11D3-BF4B-00C04F79EFBC}") = "DataTypesDemo", "DataTypesDemo\DataTypesDemo.csproj", "{C5F8EF34-68FB-4469-A077-172D93C354D8}"
EndProject
Project("{FAE04EC0-301F-11D3-BF4B-00C04F79EFBC}") = "ReferenceDataTypeDemo", "ReferenceDataTypeDemo\ReferenceDataTypeDemo.csproj", "{B953FCB8-3EF1-4F67-A819-E87C75EEDB31}"
EndProject
Project("{FAE04EC0-301F-11D3-BF4B-00C04F79EFBC}") = "PointerDataTypeDemo", "PointerDataTypeDemo\PointerDataTypeDemo.csproj", "{F842BD2A-59FA-40CA-AAF5-EAB470A3F8A2}"
EndProject
Project("{FAE04EC0-301F-11D3-BF4B-00C04F79EFBC}") = "CompileTimeInitialzingDemo", "CompileTimeInitialzingDemo\CompileTimeInitialzingDemo.csproj", "{1E558168-82E5-4204-A649-D806FC59D6A1}"
EndProject
Project("{FAE04EC0-301F-11D3-BF4B-00C04F79EFBC}") = "RunTImeIntializationDemo", "RunTImeIntializationDemo\RunTImeIntializationDemo.csproj", "{C7D00506-0EE6-4AD7-9F3B-4A04F855BF5B}"
EndProject
Project("{FAE04EC0-301F-11D3-BF4B-00C04F79EFBC}") = "LocalVariableDemo", "LocalVariableDemo\LocalVariableDemo.csproj", "{E3FD693C-1F9E-4321-BA16-CA8E7D3A3198}"
EndProject
Project("{FAE04EC0-301F-11D3-BF4B-00C04F79EFBC}") = "InstanceVariableDemo", "InstanceVariableDemo\InstanceVariableDemo.csproj", "{EA92D0CD-1CA9-41BC-ACC0-78E65AD65E9A}"
EndProject
Project("{FAE04EC0-301F-11D3-BF4B-00C04F79EFBC}") = "StaticVariableDemo", "StaticVariableDemo\StaticVariableDemo.csproj", "{06C491A9-2337-496B-A1E6-6FC48B63C107}"
EndProject
Project("{FAE04EC0-301F-11D3-BF4B-00C04F79EFBC}") = "ConstantVariableDemo", "ConstantVariableDemo\ConstantVariableDemo.csproj", "{FC839E2A-58CB-442D-9B76-C326B7E27EDA}"
EndProject
Project("{FAE04EC0-301F-11D3-BF4B-00C04F79EFBC}") = "ReadonlyVariableDemo", "ReadonlyVariableDemo\ReadonlyVariableDemo.csproj", "{58E56235-A2B0-4EBA-B5F8-F173069D430A}"
EndProject
Project("{FAE04EC0-301F-11D3-BF4B-00C04F79EFBC}") = "ImplicitTypeVariableDemo", "ImplicitTypeVariableDemo\ImplicitTypeVariableDemo.csproj", "{0FAF61EB-B20B-476D-9E90-8AF1858C24D0}"
EndProject
Project("{FAE04EC0-301F-11D3-BF4B-00C04F79EFBC}") = "DynamicTypeVariableDemo", "DynamicTypeVariableDemo\DynamicTypeVariableDemo.csproj", "{F0A25F50-33EF-4EEE-8BCD-0BF3BFC747A8}"
EndProject
Project("{FAE04EC0-301F-11D3-BF4B-00C04F79EFBC}") = "ClassLevelScopeDemo", "ClassLevelScopeDemo\ClassLevelScopeDemo.csproj", "{94443992-9E08-401F-B29D-1D6BE6149487}"
EndProject
Project("{FAE04EC0-301F-11D3-BF4B-00C04F79EFBC}") = "BlockLevelScopeVariableDemo", "BlockLevelScopeVariableDemo\BlockLevelScopeVariableDemo.csproj", "{B075D896-D853-4573-8A80-5403058C3B10}"
EndProject
Project("{FAE04EC0-301F-11D3-BF4B-00C04F79EFBC}") = "LogicalOperatorsDemo", "LogicalOperatorsDemo\LogicalOperatorsDemo.csproj", "{29BF0459-C210-4A35-B02C-059598199242}"
EndProject
Project("{FAE04EC0-301F-11D3-BF4B-00C04F79EFBC}") = "BitwiseOperatorsDemo", "BitwiseOperatorsDemo\BitwiseOperatorsDemo.csproj", "{34794310-D227-40B6-9AE3-FEE8D1379095}"
EndProject
Project("{FAE04EC0-301F-11D3-BF4B-00C04F79EFBC}") = "AssigmementOperatorsDemo", "AssigmementOperatorsDemo\AssigmementOperatorsDemo.csproj", "{E1A08D72-0B58-42B7-B0A7-5656915690F3}"
EndProject
Project("{FAE04EC0-301F-11D3-BF4B-00C04F79EFBC}") = "ConditionalOperatorDemo", "ConditionalOperatorDemo\ConditionalOperatorDemo.csproj", "{84D86190-CD85-4167-B99E-74CF9B6C190E}"
EndProject
Project("{FAE04EC0-301F-11D3-BF4B-00C04F79EFBC}") = "ParamsKeywordDemo", "ParamsKeywordDemo\ParamsKeywordDemo.csproj", "{3EAA47C1-9BF1-422E-889C-10F743E5A7F7}"
EndProject
Project("{FAE04EC0-301F-11D3-BF4B-00C04F79EFBC}") = "EnumDemo", "EnumDemo\EnumDemo.csproj", "{52A8034C-21D6-456C-900E-7100DCD2C137}"
EndProject
Project("{FAE04EC0-301F-11D3-BF4B-00C04F79EFBC}") = "EnumDemo2", "EnumDemo2\EnumDemo2.csproj", "{6DC13143-2F54-443F-AD55-873565E66EBB}"
EndProject
Project("{FAE04EC0-301F-11D3-BF4B-00C04F79EFBC}") = "EnumDemoChangeDataType", "EnumDemoChangeDataType\EnumDemoChangeDataType.csproj", "{8A2E3379-038F-4724-8A5A-8B4669F4CFC5}"
EndProject
Project("{9A19103F-16F7-4668-BE54-9A1E7A4F7556}") = "PropertiesDemo", "PropertiesDemo\PropertiesDemo.csproj", "{FD15863B-F620-42B7-8E41-32CB7A1AD37F}"
EndProject
Project("{9A19103F-16F7-4668-BE54-9A1E7A4F7556}") = "NullableTypeDemo", "NullableTypeDemo\NullableTypeDemo.csproj", "{9A2F8FF0-7505-4778-808D-047C0BB6CC94}"
EndProject
Project("{9A19103F-16F7-4668-BE54-9A1E7A4F7556}") = "StructureDemo", "StructureDemo\StructureDemo.csproj", "{042030B9-2B58-4C4D-9EDC-DF4C47E0B5AB}"
EndProject
Project("{9A19103F-16F7-4668-BE54-9A1E7A4F7556}") = "AsOperatorDemo", "AsOperatorDemo\AsOperatorDemo.csproj", "{DE177B60-7E28-4D21-9C9D-939DB057DA4E}"
EndProject
Project("{9A19103F-16F7-4668-BE54-9A1E7A4F7556}") = "IsOperatorDemo", "IsOperatorDemo\IsOperatorDemo.csproj", "{502C319D-6A6E-4227-B294-64641ACB8235}"
EndProject
Project("{9A19103F-16F7-4668-BE54-9A1E7A4F7556}") = "StaticKeywordDemo", "StaticKeywordDemo\StaticKeywordDemo.csproj", "{C3662BC0-AD52-43C0-9CD2-BC390738420F}"
EndProject
Project("{9A19103F-16F7-4668-BE54-9A1E7A4F7556}") = "TypeOfOperatorDemo", "TypeOfOperatorDemo\TypeOfOperatorDemo.csproj", "{DAFB31DE-02C0-4735-8739-C74468F2D42F}"
EndProject
Project("{9A19103F-16F7-4668-BE54-9A1E7A4F7556}") = "RefKeywordDemo", "RefKeywordDemo\RefKeywordDemo.csproj", "{F2FA7AED-F986-49D0-B9DC-32CCF5E41258}"
EndProject
Project("{9A19103F-16F7-4668-BE54-9A1E7A4F7556}") = "RefKeywordDemo2", "RefKeywordDemo2\RefKeywordDemo2.csproj", "{72AA2E59-B790-49D9-BEF5-3F46B7D7CF44}"
EndProject
Project("{9A19103F-16F7-4668-BE54-9A1E7A4F7556}") = "GoToJumpStatementDemo", "GoToJumpStatementDemo\GoToJumpStatementDemo.csproj", "{7C78756B-4ADC-40D8-ADCD-A261A7AFC2BD}"
EndProject
Project("{9A19103F-16F7-4668-BE54-9A1E7A4F7556}") = "ReturnStatementDemo", "ReturnStatementDemo\ReturnStatementDemo.csproj", "{2CE921F0-B9D7-49B8-982B-2C629826E148}"
EndProject
Project("{9A19103F-16F7-4668-BE54-9A1E7A4F7556}") = "ClassAndObjectDemo", "ClassAndObjectDemo\ClassAndObjectDemo.csproj", "{2538D25D-5182-48A4-A81B-37ECE60DF9F4}"
EndProject
Project("{9A19103F-16F7-4668-BE54-9A1E7A4F7556}") = "NestedClassesDemo", "NestedClassesDemo\NestedClassesDemo.csproj", "{AE755A05-27C4-4D1D-B87E-DD615BD032F0}"
EndProject
Project("{9A19103F-16F7-4668-BE54-9A1E7A4F7556}") = "EarlyAndLateBindingDemo", "EarlyAndLateBindingDemo\EarlyAndLateBindingDemo.csproj", "{24488A72-8E92-4158-A93D-6BB6301FC560}"
EndProject
Project("{9A19103F-16F7-4668-BE54-9A1E7A4F7556}") = "CopyConstructorDemo", "CopyConstructorDemo\CopyConstructorDemo.csproj", "{EEFFE12E-5E48-4FE0-B239-390C3D8B03D2}"
EndProject
Project("{9A19103F-16F7-4668-BE54-9A1E7A4F7556}") = "PrivateConstructorDemo", "PrivateConstructorDemo\PrivateConstructorDemo.csproj", "{A074B3A0-43A2-4D76-9F5D-A4B59F95F3E2}"
EndProject
Project("{FAE04EC0-301F-11D3-BF4B-00C04F79EFBC}") = "StaticConstructorDemo", "StaticConstructorDemo\StaticConstructorDemo.csproj", "{EE6E3BC5-C966-4E81-A3DB-86C21EBBA5CA}"
EndProject
Project("{FAE04EC0-301F-11D3-BF4B-00C04F79EFBC}") = "ClassLibrary2", "ClassLibrary2\ClassLibrary2.csproj", "{AD406DD0-D0D6-4326-A328-D63D2171A7A6}"
EndProject
Project("{FAE04EC0-301F-11D3-BF4B-00C04F79EFBC}") = "InheritanceDemo", "InheritanceDemo\InheritanceDemo.csproj", "{5C68C86F-D1F1-4970-A3B9-A7F295F70186}"
EndProject
Project("{FAE04EC0-301F-11D3-BF4B-00C04F79EFBC}") = "EncapsulationDemo", "EncapsulationDemo\EncapsulationDemo.csproj", "{9DE1B5A3-5FF9-4FA9-8B28-7D3718AD2083}"
EndProject
Project("{FAE04EC0-301F-11D3-BF4B-00C04F79EFBC}") = "TreeStructureDemo", "TreeStructureDemo\TreeStructureDemo.csproj", "{67D0F33C-1BF3-4F74-9A18-CF92CE7147E8}"
EndProject
Project("{FAE04EC0-301F-11D3-BF4B-00C04F79EFBC}") = "ConsoleApp1", "ConsoleApp1\ConsoleApp1.csproj", "{F232CD95-662D-46A5-AF1E-831400B83D35}"
EndProject
Project("{FAE04EC0-301F-11D3-BF4B-00C04F79EFBC}") = "BankingApplicationDemo", "BankingApplicationDemo\BankingApplicationDemo.csproj", "{4B0C3C69-F900-426C-BE28-52B6F6C052AF}"
EndProject
Project("{FAE04EC0-301F-11D3-BF4B-00C04F79EFBC}") = "AbstractionDemo", "AbstractionDemo\AbstractionDemo.csproj", "{84731DCC-90F9-4922-86F7-772FE6FA510B}"
EndProject
Project("{FAE04EC0-301F-11D3-BF4B-00C04F79EFBC}") = "ConstructorOverloadingDemo", "ConstructorOverloadingDemo\ConstructorOverloadingDemo.csproj", "{5ED0FC5D-3307-401B-8682-4BD05F4E094F}"
EndProject
Project("{FAE04EC0-301F-11D3-BF4B-00C04F79EFBC}") = "MethodOverridingDemo", "MethodOverridingDemo\MethodOverridingDemo.csproj", "{0B41E95F-9BA2-42F0-84E8-058759454A22}"
EndProject
Project("{FAE04EC0-301F-11D3-BF4B-00C04F79EFBC}") = "ExtensionMethodDemo", "ExtensionMethodDemo\ExtensionMethodDemo.csproj", "{6434FA5B-8E0C-445D-895C-E6D355C10483}"
EndProject
Project("{FAE04EC0-301F-11D3-BF4B-00C04F79EFBC}") = "InterfaceDemo", "InterfaceDemo\InterfaceDemo.csproj", "{B5A53DC0-AB97-43FE-B8D2-97C66CE6E2F5}"
EndProject
Project("{FAE04EC0-301F-11D3-BF4B-00C04F79EFBC}") = "DelegateDemo", "DelegateDemo\DelegateDemo.csproj", "{1C2638D5-C357-4D49-9FB8-0CE26721D1B3}"
EndProject
Project("{FAE04EC0-301F-11D3-BF4B-00C04F79EFBC}") = "AccessModifierDemo", "AccessModifierDemo\AccessModifierDemo.csproj", "{E74EEBA3-AD79-4712-869E-FBC3A3A0922C}"
EndProject
Project("{FAE04EC0-301F-11D3-BF4B-00C04F79EFBC}") = "AssignementStudentDetailsDemo", "AssignementStudentDetailsDemo\AssignementStudentDetailsDemo.csproj", "{3A8D4124-A657-4ED7-956A-994BC7AC79E2}"
EndProject
Project("{FAE04EC0-301F-11D3-BF4B-00C04F79EFBC}") = "JaggedArrayDemo", "JaggedArrayDemo\JaggedArrayDemo.csproj", "{DA5C311B-C475-4D8C-9C47-B1F74FD08708}"
EndProject
Project("{FAE04EC0-301F-11D3-BF4B-00C04F79EFBC}") = "ArrayClassDemo", "ArrayClassDemo\ArrayClassDemo.csproj", "{BAAA09D7-8AD0-4ADA-B987-98DC9ACF1117}"
EndProject
Project("{FAE04EC0-301F-11D3-BF4B-00C04F79EFBC}") = "ListDemo", "ListDemo\ListDemo.csproj", "{6467BCA1-012B-4162-8F66-5E9E34991760}"
EndProject
Project("{FAE04EC0-301F-11D3-BF4B-00C04F79EFBC}") = "SortedListDemo", "SortedListDemo\SortedListDemo.csproj", "{FA90EE30-CFAE-4945-BD41-90A49EC6E43B}"
EndProject
Project("{FAE04EC0-301F-11D3-BF4B-00C04F79EFBC}") = "HashSetDemo", "HashSetDemo\HashSetDemo.csproj", "{4C68F968-BA3F-482A-B47D-43650BE7FD5B}"
EndProject
Project("{FAE04EC0-301F-11D3-BF4B-00C04F79EFBC}") = "DictonaryDemo", "DictonaryDemo\DictonaryDemo.csproj", "{DAF3273F-CAC3-40BD-9186-A9746BC6AC90}"
EndProject
Global
	GlobalSection(SolutionConfigurationPlatforms) = preSolution
		Debug|Any CPU = Debug|Any CPU
		Release|Any CPU = Release|Any CPU
	EndGlobalSection
	GlobalSection(ProjectConfigurationPlatforms) = postSolution
		{97916F32-E520-4E87-B731-C802D306E0F0}.Debug|Any CPU.ActiveCfg = Debug|Any CPU
		{97916F32-E520-4E87-B731-C802D306E0F0}.Debug|Any CPU.Build.0 = Debug|Any CPU
		{97916F32-E520-4E87-B731-C802D306E0F0}.Release|Any CPU.ActiveCfg = Release|Any CPU
		{97916F32-E520-4E87-B731-C802D306E0F0}.Release|Any CPU.Build.0 = Release|Any CPU
		{E5683A44-6C0D-41F3-B100-B20458DD4370}.Debug|Any CPU.ActiveCfg = Debug|Any CPU
		{E5683A44-6C0D-41F3-B100-B20458DD4370}.Debug|Any CPU.Build.0 = Debug|Any CPU
		{E5683A44-6C0D-41F3-B100-B20458DD4370}.Release|Any CPU.ActiveCfg = Release|Any CPU
		{E5683A44-6C0D-41F3-B100-B20458DD4370}.Release|Any CPU.Build.0 = Release|Any CPU
		{95ECC28F-513B-4FEE-92D4-FC149E2A945B}.Debug|Any CPU.ActiveCfg = Debug|Any CPU
		{95ECC28F-513B-4FEE-92D4-FC149E2A945B}.Debug|Any CPU.Build.0 = Debug|Any CPU
		{95ECC28F-513B-4FEE-92D4-FC149E2A945B}.Release|Any CPU.ActiveCfg = Release|Any CPU
		{95ECC28F-513B-4FEE-92D4-FC149E2A945B}.Release|Any CPU.Build.0 = Release|Any CPU
		{C5F8EF34-68FB-4469-A077-172D93C354D8}.Debug|Any CPU.ActiveCfg = Debug|Any CPU
		{C5F8EF34-68FB-4469-A077-172D93C354D8}.Debug|Any CPU.Build.0 = Debug|Any CPU
		{C5F8EF34-68FB-4469-A077-172D93C354D8}.Release|Any CPU.ActiveCfg = Release|Any CPU
		{C5F8EF34-68FB-4469-A077-172D93C354D8}.Release|Any CPU.Build.0 = Release|Any CPU
		{B953FCB8-3EF1-4F67-A819-E87C75EEDB31}.Debug|Any CPU.ActiveCfg = Debug|Any CPU
		{B953FCB8-3EF1-4F67-A819-E87C75EEDB31}.Debug|Any CPU.Build.0 = Debug|Any CPU
		{B953FCB8-3EF1-4F67-A819-E87C75EEDB31}.Release|Any CPU.ActiveCfg = Release|Any CPU
		{B953FCB8-3EF1-4F67-A819-E87C75EEDB31}.Release|Any CPU.Build.0 = Release|Any CPU
		{F842BD2A-59FA-40CA-AAF5-EAB470A3F8A2}.Debug|Any CPU.ActiveCfg = Debug|Any CPU
		{F842BD2A-59FA-40CA-AAF5-EAB470A3F8A2}.Debug|Any CPU.Build.0 = Debug|Any CPU
		{F842BD2A-59FA-40CA-AAF5-EAB470A3F8A2}.Release|Any CPU.ActiveCfg = Release|Any CPU
		{F842BD2A-59FA-40CA-AAF5-EAB470A3F8A2}.Release|Any CPU.Build.0 = Release|Any CPU
		{1E558168-82E5-4204-A649-D806FC59D6A1}.Debug|Any CPU.ActiveCfg = Debug|Any CPU
		{1E558168-82E5-4204-A649-D806FC59D6A1}.Debug|Any CPU.Build.0 = Debug|Any CPU
		{1E558168-82E5-4204-A649-D806FC59D6A1}.Release|Any CPU.ActiveCfg = Release|Any CPU
		{1E558168-82E5-4204-A649-D806FC59D6A1}.Release|Any CPU.Build.0 = Release|Any CPU
		{C7D00506-0EE6-4AD7-9F3B-4A04F855BF5B}.Debug|Any CPU.ActiveCfg = Debug|Any CPU
		{C7D00506-0EE6-4AD7-9F3B-4A04F855BF5B}.Debug|Any CPU.Build.0 = Debug|Any CPU
		{C7D00506-0EE6-4AD7-9F3B-4A04F855BF5B}.Release|Any CPU.ActiveCfg = Release|Any CPU
		{C7D00506-0EE6-4AD7-9F3B-4A04F855BF5B}.Release|Any CPU.Build.0 = Release|Any CPU
		{E3FD693C-1F9E-4321-BA16-CA8E7D3A3198}.Debug|Any CPU.ActiveCfg = Debug|Any CPU
		{E3FD693C-1F9E-4321-BA16-CA8E7D3A3198}.Debug|Any CPU.Build.0 = Debug|Any CPU
		{E3FD693C-1F9E-4321-BA16-CA8E7D3A3198}.Release|Any CPU.ActiveCfg = Release|Any CPU
		{E3FD693C-1F9E-4321-BA16-CA8E7D3A3198}.Release|Any CPU.Build.0 = Release|Any CPU
		{EA92D0CD-1CA9-41BC-ACC0-78E65AD65E9A}.Debug|Any CPU.ActiveCfg = Debug|Any CPU
		{EA92D0CD-1CA9-41BC-ACC0-78E65AD65E9A}.Debug|Any CPU.Build.0 = Debug|Any CPU
		{EA92D0CD-1CA9-41BC-ACC0-78E65AD65E9A}.Release|Any CPU.ActiveCfg = Release|Any CPU
		{EA92D0CD-1CA9-41BC-ACC0-78E65AD65E9A}.Release|Any CPU.Build.0 = Release|Any CPU
		{06C491A9-2337-496B-A1E6-6FC48B63C107}.Debug|Any CPU.ActiveCfg = Debug|Any CPU
		{06C491A9-2337-496B-A1E6-6FC48B63C107}.Debug|Any CPU.Build.0 = Debug|Any CPU
		{06C491A9-2337-496B-A1E6-6FC48B63C107}.Release|Any CPU.ActiveCfg = Release|Any CPU
		{06C491A9-2337-496B-A1E6-6FC48B63C107}.Release|Any CPU.Build.0 = Release|Any CPU
		{FC839E2A-58CB-442D-9B76-C326B7E27EDA}.Debug|Any CPU.ActiveCfg = Debug|Any CPU
		{FC839E2A-58CB-442D-9B76-C326B7E27EDA}.Debug|Any CPU.Build.0 = Debug|Any CPU
		{FC839E2A-58CB-442D-9B76-C326B7E27EDA}.Release|Any CPU.ActiveCfg = Release|Any CPU
		{FC839E2A-58CB-442D-9B76-C326B7E27EDA}.Release|Any CPU.Build.0 = Release|Any CPU
		{58E56235-A2B0-4EBA-B5F8-F173069D430A}.Debug|Any CPU.ActiveCfg = Debug|Any CPU
		{58E56235-A2B0-4EBA-B5F8-F173069D430A}.Debug|Any CPU.Build.0 = Debug|Any CPU
		{58E56235-A2B0-4EBA-B5F8-F173069D430A}.Release|Any CPU.ActiveCfg = Release|Any CPU
		{58E56235-A2B0-4EBA-B5F8-F173069D430A}.Release|Any CPU.Build.0 = Release|Any CPU
		{0FAF61EB-B20B-476D-9E90-8AF1858C24D0}.Debug|Any CPU.ActiveCfg = Debug|Any CPU
		{0FAF61EB-B20B-476D-9E90-8AF1858C24D0}.Debug|Any CPU.Build.0 = Debug|Any CPU
		{0FAF61EB-B20B-476D-9E90-8AF1858C24D0}.Release|Any CPU.ActiveCfg = Release|Any CPU
		{0FAF61EB-B20B-476D-9E90-8AF1858C24D0}.Release|Any CPU.Build.0 = Release|Any CPU
		{F0A25F50-33EF-4EEE-8BCD-0BF3BFC747A8}.Debug|Any CPU.ActiveCfg = Debug|Any CPU
		{F0A25F50-33EF-4EEE-8BCD-0BF3BFC747A8}.Debug|Any CPU.Build.0 = Debug|Any CPU
		{F0A25F50-33EF-4EEE-8BCD-0BF3BFC747A8}.Release|Any CPU.ActiveCfg = Release|Any CPU
		{F0A25F50-33EF-4EEE-8BCD-0BF3BFC747A8}.Release|Any CPU.Build.0 = Release|Any CPU
		{94443992-9E08-401F-B29D-1D6BE6149487}.Debug|Any CPU.ActiveCfg = Debug|Any CPU
		{94443992-9E08-401F-B29D-1D6BE6149487}.Debug|Any CPU.Build.0 = Debug|Any CPU
		{94443992-9E08-401F-B29D-1D6BE6149487}.Release|Any CPU.ActiveCfg = Release|Any CPU
		{94443992-9E08-401F-B29D-1D6BE6149487}.Release|Any CPU.Build.0 = Release|Any CPU
		{B075D896-D853-4573-8A80-5403058C3B10}.Debug|Any CPU.ActiveCfg = Debug|Any CPU
		{B075D896-D853-4573-8A80-5403058C3B10}.Debug|Any CPU.Build.0 = Debug|Any CPU
		{B075D896-D853-4573-8A80-5403058C3B10}.Release|Any CPU.ActiveCfg = Release|Any CPU
		{B075D896-D853-4573-8A80-5403058C3B10}.Release|Any CPU.Build.0 = Release|Any CPU
		{29BF0459-C210-4A35-B02C-059598199242}.Debug|Any CPU.ActiveCfg = Debug|Any CPU
		{29BF0459-C210-4A35-B02C-059598199242}.Debug|Any CPU.Build.0 = Debug|Any CPU
		{29BF0459-C210-4A35-B02C-059598199242}.Release|Any CPU.ActiveCfg = Release|Any CPU
		{29BF0459-C210-4A35-B02C-059598199242}.Release|Any CPU.Build.0 = Release|Any CPU
		{34794310-D227-40B6-9AE3-FEE8D1379095}.Debug|Any CPU.ActiveCfg = Debug|Any CPU
		{34794310-D227-40B6-9AE3-FEE8D1379095}.Debug|Any CPU.Build.0 = Debug|Any CPU
		{34794310-D227-40B6-9AE3-FEE8D1379095}.Release|Any CPU.ActiveCfg = Release|Any CPU
		{34794310-D227-40B6-9AE3-FEE8D1379095}.Release|Any CPU.Build.0 = Release|Any CPU
		{E1A08D72-0B58-42B7-B0A7-5656915690F3}.Debug|Any CPU.ActiveCfg = Debug|Any CPU
		{E1A08D72-0B58-42B7-B0A7-5656915690F3}.Debug|Any CPU.Build.0 = Debug|Any CPU
		{E1A08D72-0B58-42B7-B0A7-5656915690F3}.Release|Any CPU.ActiveCfg = Release|Any CPU
		{E1A08D72-0B58-42B7-B0A7-5656915690F3}.Release|Any CPU.Build.0 = Release|Any CPU
		{84D86190-CD85-4167-B99E-74CF9B6C190E}.Debug|Any CPU.ActiveCfg = Debug|Any CPU
		{84D86190-CD85-4167-B99E-74CF9B6C190E}.Debug|Any CPU.Build.0 = Debug|Any CPU
		{84D86190-CD85-4167-B99E-74CF9B6C190E}.Release|Any CPU.ActiveCfg = Release|Any CPU
		{84D86190-CD85-4167-B99E-74CF9B6C190E}.Release|Any CPU.Build.0 = Release|Any CPU
		{3EAA47C1-9BF1-422E-889C-10F743E5A7F7}.Debug|Any CPU.ActiveCfg = Debug|Any CPU
		{3EAA47C1-9BF1-422E-889C-10F743E5A7F7}.Debug|Any CPU.Build.0 = Debug|Any CPU
		{3EAA47C1-9BF1-422E-889C-10F743E5A7F7}.Release|Any CPU.ActiveCfg = Release|Any CPU
		{3EAA47C1-9BF1-422E-889C-10F743E5A7F7}.Release|Any CPU.Build.0 = Release|Any CPU
		{52A8034C-21D6-456C-900E-7100DCD2C137}.Debug|Any CPU.ActiveCfg = Debug|Any CPU
		{52A8034C-21D6-456C-900E-7100DCD2C137}.Debug|Any CPU.Build.0 = Debug|Any CPU
		{52A8034C-21D6-456C-900E-7100DCD2C137}.Release|Any CPU.ActiveCfg = Release|Any CPU
		{52A8034C-21D6-456C-900E-7100DCD2C137}.Release|Any CPU.Build.0 = Release|Any CPU
		{6DC13143-2F54-443F-AD55-873565E66EBB}.Debug|Any CPU.ActiveCfg = Debug|Any CPU
		{6DC13143-2F54-443F-AD55-873565E66EBB}.Debug|Any CPU.Build.0 = Debug|Any CPU
		{6DC13143-2F54-443F-AD55-873565E66EBB}.Release|Any CPU.ActiveCfg = Release|Any CPU
		{6DC13143-2F54-443F-AD55-873565E66EBB}.Release|Any CPU.Build.0 = Release|Any CPU
		{8A2E3379-038F-4724-8A5A-8B4669F4CFC5}.Debug|Any CPU.ActiveCfg = Debug|Any CPU
		{8A2E3379-038F-4724-8A5A-8B4669F4CFC5}.Debug|Any CPU.Build.0 = Debug|Any CPU
		{8A2E3379-038F-4724-8A5A-8B4669F4CFC5}.Release|Any CPU.ActiveCfg = Release|Any CPU
		{8A2E3379-038F-4724-8A5A-8B4669F4CFC5}.Release|Any CPU.Build.0 = Release|Any CPU
		{FD15863B-F620-42B7-8E41-32CB7A1AD37F}.Debug|Any CPU.ActiveCfg = Debug|Any CPU
		{FD15863B-F620-42B7-8E41-32CB7A1AD37F}.Debug|Any CPU.Build.0 = Debug|Any CPU
		{FD15863B-F620-42B7-8E41-32CB7A1AD37F}.Release|Any CPU.ActiveCfg = Release|Any CPU
		{FD15863B-F620-42B7-8E41-32CB7A1AD37F}.Release|Any CPU.Build.0 = Release|Any CPU
		{9A2F8FF0-7505-4778-808D-047C0BB6CC94}.Debug|Any CPU.ActiveCfg = Debug|Any CPU
		{9A2F8FF0-7505-4778-808D-047C0BB6CC94}.Debug|Any CPU.Build.0 = Debug|Any CPU
		{9A2F8FF0-7505-4778-808D-047C0BB6CC94}.Release|Any CPU.ActiveCfg = Release|Any CPU
		{9A2F8FF0-7505-4778-808D-047C0BB6CC94}.Release|Any CPU.Build.0 = Release|Any CPU
		{042030B9-2B58-4C4D-9EDC-DF4C47E0B5AB}.Debug|Any CPU.ActiveCfg = Debug|Any CPU
		{042030B9-2B58-4C4D-9EDC-DF4C47E0B5AB}.Debug|Any CPU.Build.0 = Debug|Any CPU
		{042030B9-2B58-4C4D-9EDC-DF4C47E0B5AB}.Release|Any CPU.ActiveCfg = Release|Any CPU
		{042030B9-2B58-4C4D-9EDC-DF4C47E0B5AB}.Release|Any CPU.Build.0 = Release|Any CPU
		{DE177B60-7E28-4D21-9C9D-939DB057DA4E}.Debug|Any CPU.ActiveCfg = Debug|Any CPU
		{DE177B60-7E28-4D21-9C9D-939DB057DA4E}.Debug|Any CPU.Build.0 = Debug|Any CPU
		{DE177B60-7E28-4D21-9C9D-939DB057DA4E}.Release|Any CPU.ActiveCfg = Release|Any CPU
		{DE177B60-7E28-4D21-9C9D-939DB057DA4E}.Release|Any CPU.Build.0 = Release|Any CPU
		{502C319D-6A6E-4227-B294-64641ACB8235}.Debug|Any CPU.ActiveCfg = Debug|Any CPU
		{502C319D-6A6E-4227-B294-64641ACB8235}.Debug|Any CPU.Build.0 = Debug|Any CPU
		{502C319D-6A6E-4227-B294-64641ACB8235}.Release|Any CPU.ActiveCfg = Release|Any CPU
		{502C319D-6A6E-4227-B294-64641ACB8235}.Release|Any CPU.Build.0 = Release|Any CPU
		{C3662BC0-AD52-43C0-9CD2-BC390738420F}.Debug|Any CPU.ActiveCfg = Debug|Any CPU
		{C3662BC0-AD52-43C0-9CD2-BC390738420F}.Debug|Any CPU.Build.0 = Debug|Any CPU
		{C3662BC0-AD52-43C0-9CD2-BC390738420F}.Release|Any CPU.ActiveCfg = Release|Any CPU
		{C3662BC0-AD52-43C0-9CD2-BC390738420F}.Release|Any CPU.Build.0 = Release|Any CPU
		{DAFB31DE-02C0-4735-8739-C74468F2D42F}.Debug|Any CPU.ActiveCfg = Debug|Any CPU
		{DAFB31DE-02C0-4735-8739-C74468F2D42F}.Debug|Any CPU.Build.0 = Debug|Any CPU
		{DAFB31DE-02C0-4735-8739-C74468F2D42F}.Release|Any CPU.ActiveCfg = Release|Any CPU
		{DAFB31DE-02C0-4735-8739-C74468F2D42F}.Release|Any CPU.Build.0 = Release|Any CPU
		{F2FA7AED-F986-49D0-B9DC-32CCF5E41258}.Debug|Any CPU.ActiveCfg = Debug|Any CPU
		{F2FA7AED-F986-49D0-B9DC-32CCF5E41258}.Debug|Any CPU.Build.0 = Debug|Any CPU
		{F2FA7AED-F986-49D0-B9DC-32CCF5E41258}.Release|Any CPU.ActiveCfg = Release|Any CPU
		{F2FA7AED-F986-49D0-B9DC-32CCF5E41258}.Release|Any CPU.Build.0 = Release|Any CPU
		{72AA2E59-B790-49D9-BEF5-3F46B7D7CF44}.Debug|Any CPU.ActiveCfg = Debug|Any CPU
		{72AA2E59-B790-49D9-BEF5-3F46B7D7CF44}.Debug|Any CPU.Build.0 = Debug|Any CPU
		{72AA2E59-B790-49D9-BEF5-3F46B7D7CF44}.Release|Any CPU.ActiveCfg = Release|Any CPU
		{72AA2E59-B790-49D9-BEF5-3F46B7D7CF44}.Release|Any CPU.Build.0 = Release|Any CPU
		{7C78756B-4ADC-40D8-ADCD-A261A7AFC2BD}.Debug|Any CPU.ActiveCfg = Debug|Any CPU
		{7C78756B-4ADC-40D8-ADCD-A261A7AFC2BD}.Debug|Any CPU.Build.0 = Debug|Any CPU
		{7C78756B-4ADC-40D8-ADCD-A261A7AFC2BD}.Release|Any CPU.ActiveCfg = Release|Any CPU
		{7C78756B-4ADC-40D8-ADCD-A261A7AFC2BD}.Release|Any CPU.Build.0 = Release|Any CPU
		{2CE921F0-B9D7-49B8-982B-2C629826E148}.Debug|Any CPU.ActiveCfg = Debug|Any CPU
		{2CE921F0-B9D7-49B8-982B-2C629826E148}.Debug|Any CPU.Build.0 = Debug|Any CPU
		{2CE921F0-B9D7-49B8-982B-2C629826E148}.Release|Any CPU.ActiveCfg = Release|Any CPU
		{2CE921F0-B9D7-49B8-982B-2C629826E148}.Release|Any CPU.Build.0 = Release|Any CPU
		{2538D25D-5182-48A4-A81B-37ECE60DF9F4}.Debug|Any CPU.ActiveCfg = Debug|Any CPU
		{2538D25D-5182-48A4-A81B-37ECE60DF9F4}.Debug|Any CPU.Build.0 = Debug|Any CPU
		{2538D25D-5182-48A4-A81B-37ECE60DF9F4}.Release|Any CPU.ActiveCfg = Release|Any CPU
		{2538D25D-5182-48A4-A81B-37ECE60DF9F4}.Release|Any CPU.Build.0 = Release|Any CPU
		{AE755A05-27C4-4D1D-B87E-DD615BD032F0}.Debug|Any CPU.ActiveCfg = Debug|Any CPU
		{AE755A05-27C4-4D1D-B87E-DD615BD032F0}.Debug|Any CPU.Build.0 = Debug|Any CPU
		{AE755A05-27C4-4D1D-B87E-DD615BD032F0}.Release|Any CPU.ActiveCfg = Release|Any CPU
		{AE755A05-27C4-4D1D-B87E-DD615BD032F0}.Release|Any CPU.Build.0 = Release|Any CPU
		{24488A72-8E92-4158-A93D-6BB6301FC560}.Debug|Any CPU.ActiveCfg = Debug|Any CPU
		{24488A72-8E92-4158-A93D-6BB6301FC560}.Debug|Any CPU.Build.0 = Debug|Any CPU
		{24488A72-8E92-4158-A93D-6BB6301FC560}.Release|Any CPU.ActiveCfg = Release|Any CPU
		{24488A72-8E92-4158-A93D-6BB6301FC560}.Release|Any CPU.Build.0 = Release|Any CPU
		{EEFFE12E-5E48-4FE0-B239-390C3D8B03D2}.Debug|Any CPU.ActiveCfg = Debug|Any CPU
		{EEFFE12E-5E48-4FE0-B239-390C3D8B03D2}.Debug|Any CPU.Build.0 = Debug|Any CPU
		{EEFFE12E-5E48-4FE0-B239-390C3D8B03D2}.Release|Any CPU.ActiveCfg = Release|Any CPU
		{EEFFE12E-5E48-4FE0-B239-390C3D8B03D2}.Release|Any CPU.Build.0 = Release|Any CPU
		{A074B3A0-43A2-4D76-9F5D-A4B59F95F3E2}.Debug|Any CPU.ActiveCfg = Debug|Any CPU
		{A074B3A0-43A2-4D76-9F5D-A4B59F95F3E2}.Debug|Any CPU.Build.0 = Debug|Any CPU
		{A074B3A0-43A2-4D76-9F5D-A4B59F95F3E2}.Release|Any CPU.ActiveCfg = Release|Any CPU
		{A074B3A0-43A2-4D76-9F5D-A4B59F95F3E2}.Release|Any CPU.Build.0 = Release|Any CPU
		{EE6E3BC5-C966-4E81-A3DB-86C21EBBA5CA}.Debug|Any CPU.ActiveCfg = Debug|Any CPU
		{EE6E3BC5-C966-4E81-A3DB-86C21EBBA5CA}.Debug|Any CPU.Build.0 = Debug|Any CPU
		{EE6E3BC5-C966-4E81-A3DB-86C21EBBA5CA}.Release|Any CPU.ActiveCfg = Release|Any CPU
		{EE6E3BC5-C966-4E81-A3DB-86C21EBBA5CA}.Release|Any CPU.Build.0 = Release|Any CPU
		{AD406DD0-D0D6-4326-A328-D63D2171A7A6}.Debug|Any CPU.ActiveCfg = Debug|Any CPU
		{AD406DD0-D0D6-4326-A328-D63D2171A7A6}.Debug|Any CPU.Build.0 = Debug|Any CPU
		{AD406DD0-D0D6-4326-A328-D63D2171A7A6}.Release|Any CPU.ActiveCfg = Release|Any CPU
		{AD406DD0-D0D6-4326-A328-D63D2171A7A6}.Release|Any CPU.Build.0 = Release|Any CPU
		{5C68C86F-D1F1-4970-A3B9-A7F295F70186}.Debug|Any CPU.ActiveCfg = Debug|Any CPU
		{5C68C86F-D1F1-4970-A3B9-A7F295F70186}.Debug|Any CPU.Build.0 = Debug|Any CPU
		{5C68C86F-D1F1-4970-A3B9-A7F295F70186}.Release|Any CPU.ActiveCfg = Release|Any CPU
		{5C68C86F-D1F1-4970-A3B9-A7F295F70186}.Release|Any CPU.Build.0 = Release|Any CPU
		{9DE1B5A3-5FF9-4FA9-8B28-7D3718AD2083}.Debug|Any CPU.ActiveCfg = Debug|Any CPU
		{9DE1B5A3-5FF9-4FA9-8B28-7D3718AD2083}.Debug|Any CPU.Build.0 = Debug|Any CPU
		{9DE1B5A3-5FF9-4FA9-8B28-7D3718AD2083}.Release|Any CPU.ActiveCfg = Release|Any CPU
		{9DE1B5A3-5FF9-4FA9-8B28-7D3718AD2083}.Release|Any CPU.Build.0 = Release|Any CPU
		{67D0F33C-1BF3-4F74-9A18-CF92CE7147E8}.Debug|Any CPU.ActiveCfg = Debug|Any CPU
		{67D0F33C-1BF3-4F74-9A18-CF92CE7147E8}.Debug|Any CPU.Build.0 = Debug|Any CPU
		{67D0F33C-1BF3-4F74-9A18-CF92CE7147E8}.Release|Any CPU.ActiveCfg = Release|Any CPU
		{67D0F33C-1BF3-4F74-9A18-CF92CE7147E8}.Release|Any CPU.Build.0 = Release|Any CPU
		{F232CD95-662D-46A5-AF1E-831400B83D35}.Debug|Any CPU.ActiveCfg = Debug|Any CPU
		{F232CD95-662D-46A5-AF1E-831400B83D35}.Debug|Any CPU.Build.0 = Debug|Any CPU
		{F232CD95-662D-46A5-AF1E-831400B83D35}.Release|Any CPU.ActiveCfg = Release|Any CPU
		{F232CD95-662D-46A5-AF1E-831400B83D35}.Release|Any CPU.Build.0 = Release|Any CPU
		{4B0C3C69-F900-426C-BE28-52B6F6C052AF}.Debug|Any CPU.ActiveCfg = Debug|Any CPU
		{4B0C3C69-F900-426C-BE28-52B6F6C052AF}.Debug|Any CPU.Build.0 = Debug|Any CPU
		{4B0C3C69-F900-426C-BE28-52B6F6C052AF}.Release|Any CPU.ActiveCfg = Release|Any CPU
		{4B0C3C69-F900-426C-BE28-52B6F6C052AF}.Release|Any CPU.Build.0 = Release|Any CPU
		{84731DCC-90F9-4922-86F7-772FE6FA510B}.Debug|Any CPU.ActiveCfg = Debug|Any CPU
		{84731DCC-90F9-4922-86F7-772FE6FA510B}.Debug|Any CPU.Build.0 = Debug|Any CPU
		{84731DCC-90F9-4922-86F7-772FE6FA510B}.Release|Any CPU.ActiveCfg = Release|Any CPU
		{84731DCC-90F9-4922-86F7-772FE6FA510B}.Release|Any CPU.Build.0 = Release|Any CPU
		{5ED0FC5D-3307-401B-8682-4BD05F4E094F}.Debug|Any CPU.ActiveCfg = Debug|Any CPU
		{5ED0FC5D-3307-401B-8682-4BD05F4E094F}.Debug|Any CPU.Build.0 = Debug|Any CPU
		{5ED0FC5D-3307-401B-8682-4BD05F4E094F}.Release|Any CPU.ActiveCfg = Release|Any CPU
		{5ED0FC5D-3307-401B-8682-4BD05F4E094F}.Release|Any CPU.Build.0 = Release|Any CPU
		{0B41E95F-9BA2-42F0-84E8-058759454A22}.Debug|Any CPU.ActiveCfg = Debug|Any CPU
		{0B41E95F-9BA2-42F0-84E8-058759454A22}.Debug|Any CPU.Build.0 = Debug|Any CPU
		{0B41E95F-9BA2-42F0-84E8-058759454A22}.Release|Any CPU.ActiveCfg = Release|Any CPU
		{0B41E95F-9BA2-42F0-84E8-058759454A22}.Release|Any CPU.Build.0 = Release|Any CPU
		{6434FA5B-8E0C-445D-895C-E6D355C10483}.Debug|Any CPU.ActiveCfg = Debug|Any CPU
		{6434FA5B-8E0C-445D-895C-E6D355C10483}.Debug|Any CPU.Build.0 = Debug|Any CPU
		{6434FA5B-8E0C-445D-895C-E6D355C10483}.Release|Any CPU.ActiveCfg = Release|Any CPU
		{6434FA5B-8E0C-445D-895C-E6D355C10483}.Release|Any CPU.Build.0 = Release|Any CPU
		{B5A53DC0-AB97-43FE-B8D2-97C66CE6E2F5}.Debug|Any CPU.ActiveCfg = Debug|Any CPU
		{B5A53DC0-AB97-43FE-B8D2-97C66CE6E2F5}.Debug|Any CPU.Build.0 = Debug|Any CPU
		{B5A53DC0-AB97-43FE-B8D2-97C66CE6E2F5}.Release|Any CPU.ActiveCfg = Release|Any CPU
		{B5A53DC0-AB97-43FE-B8D2-97C66CE6E2F5}.Release|Any CPU.Build.0 = Release|Any CPU
		{1C2638D5-C357-4D49-9FB8-0CE26721D1B3}.Debug|Any CPU.ActiveCfg = Debug|Any CPU
		{1C2638D5-C357-4D49-9FB8-0CE26721D1B3}.Debug|Any CPU.Build.0 = Debug|Any CPU
		{1C2638D5-C357-4D49-9FB8-0CE26721D1B3}.Release|Any CPU.ActiveCfg = Release|Any CPU
		{1C2638D5-C357-4D49-9FB8-0CE26721D1B3}.Release|Any CPU.Build.0 = Release|Any CPU
		{E74EEBA3-AD79-4712-869E-FBC3A3A0922C}.Debug|Any CPU.ActiveCfg = Debug|Any CPU
		{E74EEBA3-AD79-4712-869E-FBC3A3A0922C}.Debug|Any CPU.Build.0 = Debug|Any CPU
		{E74EEBA3-AD79-4712-869E-FBC3A3A0922C}.Release|Any CPU.ActiveCfg = Release|Any CPU
		{E74EEBA3-AD79-4712-869E-FBC3A3A0922C}.Release|Any CPU.Build.0 = Release|Any CPU
		{3A8D4124-A657-4ED7-956A-994BC7AC79E2}.Debug|Any CPU.ActiveCfg = Debug|Any CPU
		{3A8D4124-A657-4ED7-956A-994BC7AC79E2}.Debug|Any CPU.Build.0 = Debug|Any CPU
		{3A8D4124-A657-4ED7-956A-994BC7AC79E2}.Release|Any CPU.ActiveCfg = Release|Any CPU
		{3A8D4124-A657-4ED7-956A-994BC7AC79E2}.Release|Any CPU.Build.0 = Release|Any CPU
		{DA5C311B-C475-4D8C-9C47-B1F74FD08708}.Debug|Any CPU.ActiveCfg = Debug|Any CPU
		{DA5C311B-C475-4D8C-9C47-B1F74FD08708}.Debug|Any CPU.Build.0 = Debug|Any CPU
		{DA5C311B-C475-4D8C-9C47-B1F74FD08708}.Release|Any CPU.ActiveCfg = Release|Any CPU
		{DA5C311B-C475-4D8C-9C47-B1F74FD08708}.Release|Any CPU.Build.0 = Release|Any CPU
		{BAAA09D7-8AD0-4ADA-B987-98DC9ACF1117}.Debug|Any CPU.ActiveCfg = Debug|Any CPU
		{BAAA09D7-8AD0-4ADA-B987-98DC9ACF1117}.Debug|Any CPU.Build.0 = Debug|Any CPU
		{BAAA09D7-8AD0-4ADA-B987-98DC9ACF1117}.Release|Any CPU.ActiveCfg = Release|Any CPU
		{BAAA09D7-8AD0-4ADA-B987-98DC9ACF1117}.Release|Any CPU.Build.0 = Release|Any CPU
		{6467BCA1-012B-4162-8F66-5E9E34991760}.Debug|Any CPU.ActiveCfg = Debug|Any CPU
		{6467BCA1-012B-4162-8F66-5E9E34991760}.Debug|Any CPU.Build.0 = Debug|Any CPU
		{6467BCA1-012B-4162-8F66-5E9E34991760}.Release|Any CPU.ActiveCfg = Release|Any CPU
		{6467BCA1-012B-4162-8F66-5E9E34991760}.Release|Any CPU.Build.0 = Release|Any CPU
		{FA90EE30-CFAE-4945-BD41-90A49EC6E43B}.Debug|Any CPU.ActiveCfg = Debug|Any CPU
		{FA90EE30-CFAE-4945-BD41-90A49EC6E43B}.Debug|Any CPU.Build.0 = Debug|Any CPU
		{FA90EE30-CFAE-4945-BD41-90A49EC6E43B}.Release|Any CPU.ActiveCfg = Release|Any CPU
		{FA90EE30-CFAE-4945-BD41-90A49EC6E43B}.Release|Any CPU.Build.0 = Release|Any CPU
		{4C68F968-BA3F-482A-B47D-43650BE7FD5B}.Debug|Any CPU.ActiveCfg = Debug|Any CPU
		{4C68F968-BA3F-482A-B47D-43650BE7FD5B}.Debug|Any CPU.Build.0 = Debug|Any CPU
		{4C68F968-BA3F-482A-B47D-43650BE7FD5B}.Release|Any CPU.ActiveCfg = Release|Any CPU
		{4C68F968-BA3F-482A-B47D-43650BE7FD5B}.Release|Any CPU.Build.0 = Release|Any CPU
		{DAF3273F-CAC3-40BD-9186-A9746BC6AC90}.Debug|Any CPU.ActiveCfg = Debug|Any CPU
		{DAF3273F-CAC3-40BD-9186-A9746BC6AC90}.Debug|Any CPU.Build.0 = Debug|Any CPU
		{DAF3273F-CAC3-40BD-9186-A9746BC6AC90}.Release|Any CPU.ActiveCfg = Release|Any CPU
		{DAF3273F-CAC3-40BD-9186-A9746BC6AC90}.Release|Any CPU.Build.0 = Release|Any CPU
	EndGlobalSection
	GlobalSection(SolutionProperties) = preSolution
		HideSolutionNode = FALSE
	EndGlobalSection
	GlobalSection(ExtensibilityGlobals) = postSolution
		SolutionGuid = {9C5B8243-D60F-4629-B6C4-8C9DABF4A30F}
	EndGlobalSection
EndGlobal
